{
  "lockfileVersion": 1,
  "workspaces": {
    "": {
      "name": "health",
      "devDependencies": {
        "@types/aws-lambda": "^8.10.147",
      },
    },
  },
  "packages": {
    "@types/aws-lambda": ["@types/aws-lambda@8.10.147", "", {}, "sha512-nD0Z9fNIZcxYX5Mai2CTmFD7wX7UldCkW2ezCF8D1T5hdiLsnTWDGRpfRYntU6VjTdLQjOvyszru7I1c1oCQew=="],
  }
}
